
Microsoft Visual Studio Solution File, Format Version 12.00
# Visual Studio 14
VisualStudioVersion = 14.0.24720.0
MinimumVisualStudioVersion = 10.0.40219.1
Project("{FAE04EC0-301F-11D3-BF4B-00C04F79EFBC}") = "PalczynskisStrainer", "PalczynskisStrainer\PalczynskisStrainer.csproj", "{9DE00610-8021-4450-8C7C-4E90F5239BCA}"
EndProject
Project("{2150E333-8FDC-42A3-9474-1A3956D46DE8}") = "Solution Items", "Solution Items", "{E63FC298-7A26-4197-91CF-1A5D9FD792AD}"
	ProjectSection(SolutionItems) = preProject
		Text Files\File1.txt = Text Files\File1.txt
		Text Files\File2.txt = Text Files\File2.txt
		Text Files\File3.txt = Text Files\File3.txt
		Text Files\NoExtensionFile = Text Files\NoExtensionFile
	EndProjectSection
EndProject
Global
	GlobalSection(SolutionConfigurationPlatforms) = preSolution
		Debug|Any CPU = Debug|Any CPU
		Release|Any CPU = Release|Any CPU
	EndGlobalSection
	GlobalSection(ProjectConfigurationPlatforms) = postSolution
		{9DE00610-8021-4450-8C7C-4E90F5239BCA}.Debug|Any CPU.ActiveCfg = Debug|Any CPU
		{9DE00610-8021-4450-8C7C-4E90F5239BCA}.Debug|Any CPU.Build.0 = Debug|Any CPU
		{9DE00610-8021-4450-8C7C-4E90F5239BCA}.Release|Any CPU.ActiveCfg = Release|Any CPU
		{9DE00610-8021-4450-8C7C-4E90F5239BCA}.Release|Any CPU.Build.0 = Release|Any CPU
	EndGlobalSection
	GlobalSection(SolutionProperties) = preSolution
		HideSolutionNode = FALSE
	EndGlobalSection
EndGlobal
